
Microsoft Visual Studio Solution File, Format Version 12.00
# Visual Studio Version 17
VisualStudioVersion = 17.0.31919.166
MinimumVisualStudioVersion = 10.0.40219.1
Project("{9A19103F-16F7-4668-BE54-9A1E7A4F7556}") = "IOStream", "IOStream\IOStream.csproj", "{3711AADD-4798-4610-BB1C-97456939F009}"
EndProject
Global
	GlobalSection(SolutionConfigurationPlatforms) = preSolution
		Debug|Any CPU = Debug|Any CPU
		Release|Any CPU = Release|Any CPU
	EndGlobalSection
	GlobalSection(ProjectConfigurationPlatforms) = postSolution
		{3711AADD-4798-4610-BB1C-97456939F009}.Debug|Any CPU.ActiveCfg = Debug|Any CPU
		{3711AADD-4798-4610-BB1C-97456939F009}.Debug|Any CPU.Build.0 = Debug|Any CPU
		{3711AADD-4798-4610-BB1C-97456939F009}.Release|Any CPU.ActiveCfg = Release|Any CPU
		{3711AADD-4798-4610-BB1C-97456939F009}.Release|Any CPU.Build.0 = Release|Any CPU
	EndGlobalSection
	GlobalSection(SolutionProperties) = preSolution
		HideSolutionNode = FALSE
	EndGlobalSection
	GlobalSection(ExtensibilityGlobals) = postSolution
		SolutionGuid = {2E2170C7-2E7C-45AA-9E5B-98CF0992813C}
	EndGlobalSection
EndGlobal
